
Microsoft Visual Studio Solution File, Format Version 12.00
# Visual Studio Version 17
VisualStudioVersion = 17.5.33627.172
MinimumVisualStudioVersion = 10.0.40219.1
Project("{9A19103F-16F7-4668-BE54-9A1E7A4F7556}") = "ApiCatalogo", "ApiCatalogo\ApiCatalogo.csproj", "{D5A57DB6-6023-4E93-B1B9-B31E4DE7A746}"
EndProject
Project("{FAE04EC0-301F-11D3-BF4B-00C04F79EFBC}") = "ApiCatalogoTest", "ApiCatalogoTest\ApiCatalogoTest.csproj", "{03826673-7741-46CE-9B70-92012E3E87EC}"
EndProject
Global
	GlobalSection(SolutionConfigurationPlatforms) = preSolution
		Debug|Any CPU = Debug|Any CPU
		Release|Any CPU = Release|Any CPU
	EndGlobalSection
	GlobalSection(ProjectConfigurationPlatforms) = postSolution
		{D5A57DB6-6023-4E93-B1B9-B31E4DE7A746}.Debug|Any CPU.ActiveCfg = Debug|Any CPU
		{D5A57DB6-6023-4E93-B1B9-B31E4DE7A746}.Debug|Any CPU.Build.0 = Debug|Any CPU
		{D5A57DB6-6023-4E93-B1B9-B31E4DE7A746}.Release|Any CPU.ActiveCfg = Release|Any CPU
		{D5A57DB6-6023-4E93-B1B9-B31E4DE7A746}.Release|Any CPU.Build.0 = Release|Any CPU
		{03826673-7741-46CE-9B70-92012E3E87EC}.Debug|Any CPU.ActiveCfg = Debug|Any CPU
		{03826673-7741-46CE-9B70-92012E3E87EC}.Debug|Any CPU.Build.0 = Debug|Any CPU
		{03826673-7741-46CE-9B70-92012E3E87EC}.Release|Any CPU.ActiveCfg = Release|Any CPU
		{03826673-7741-46CE-9B70-92012E3E87EC}.Release|Any CPU.Build.0 = Release|Any CPU
	EndGlobalSection
	GlobalSection(SolutionProperties) = preSolution
		HideSolutionNode = FALSE
	EndGlobalSection
	GlobalSection(ExtensibilityGlobals) = postSolution
		SolutionGuid = {ED301A16-094C-44C5-A3B7-324718498770}
	EndGlobalSection
EndGlobal
